
Microsoft Visual Studio Solution File, Format Version 12.00
# Visual Studio Version 17
VisualStudioVersion = 17.6.33712.159
MinimumVisualStudioVersion = 10.0.40219.1
Project("{FAE04EC0-301F-11D3-BF4B-00C04F79EFBC}") = "ASapp", "WpfApp2\ASapp.csproj", "{7FC3065C-BB23-4C67-A848-542CC189C58A}"
EndProject
Global
	GlobalSection(SolutionConfigurationPlatforms) = preSolution
		Debug|Any CPU = Debug|Any CPU
		Release|Any CPU = Release|Any CPU
	EndGlobalSection
	GlobalSection(ProjectConfigurationPlatforms) = postSolution
		{7FC3065C-BB23-4C67-A848-542CC189C58A}.Debug|Any CPU.ActiveCfg = Debug|Any CPU
		{7FC3065C-BB23-4C67-A848-542CC189C58A}.Debug|Any CPU.Build.0 = Debug|Any CPU
		{7FC3065C-BB23-4C67-A848-542CC189C58A}.Release|Any CPU.ActiveCfg = Release|Any CPU
		{7FC3065C-BB23-4C67-A848-542CC189C58A}.Release|Any CPU.Build.0 = Release|Any CPU
	EndGlobalSection
	GlobalSection(SolutionProperties) = preSolution
		HideSolutionNode = FALSE
	EndGlobalSection
	GlobalSection(ExtensibilityGlobals) = postSolution
		SolutionGuid = {AD8D4480-B6AB-42B1-A66A-5186E2981CA3}
	EndGlobalSection
EndGlobal
